<Solution>
  <Project Path="Mirror.Transports.csproj" />
  <Project Path="Edgegap.csproj" />
  <Project Path="Mirror.Components.csproj" />
  <Project Path="Unity.Mirror.CodeGen.csproj" />
  <Project Path="Telepathy.csproj" />
  <Project Path="GameAssembly.csproj" />
  <Project Path="AstarPathfindingProject.csproj" />
  <Project Path="kcp2k.csproj" />
  <Project Path="GameAssembly.Editor.csproj" />
  <Project Path="Mirror.csproj" />
  <Project Path="SimpleWebTransport.csproj" />
  <Project Path="DOTween.Modules.csproj" />
  <Project Path="Mirror.Editor.csproj" />
  <Project Path="AstarPathfindingProjectEditor.csproj" />
  <Project Path="Mirror.Authenticators.csproj" />
  <Project Path="PackageToolsEditor.csproj" />
  <Project Path="Mirror.CompilerSymbols.csproj" />
  <Project Path="EncryptionTransportEditor.csproj" />
</Solution>
